
Microsoft Visual Studio Solution File, Format Version 12.00
# Visual Studio Version 17
VisualStudioVersion = 17.12.35707.178
MinimumVisualStudioVersion = 10.0.40219.1
Project("{FAE04EC0-301F-11D3-BF4B-00C04F79EFBC}") = "AsistenciaAPI", "AsistenciaAPI\AsistenciaAPI.csproj", "{0E27976E-F817-4D17-AC14-FC89BDA18AE5}"
EndProject
Project("{FAE04EC0-301F-11D3-BF4B-00C04F79EFBC}") = "PruebasASOMAMECO", "PruebasASOMAMECO\PruebasASOMAMECO.csproj", "{C8D95531-39AE-47D9-8730-A37E432CC118}"
EndProject
Global
	GlobalSection(SolutionConfigurationPlatforms) = preSolution
		Debug|Any CPU = Debug|Any CPU
		Release|Any CPU = Release|Any CPU
	EndGlobalSection
	GlobalSection(ProjectConfigurationPlatforms) = postSolution
		{0E27976E-F817-4D17-AC14-FC89BDA18AE5}.Debug|Any CPU.ActiveCfg = Debug|Any CPU
		{0E27976E-F817-4D17-AC14-FC89BDA18AE5}.Debug|Any CPU.Build.0 = Debug|Any CPU
		{0E27976E-F817-4D17-AC14-FC89BDA18AE5}.Release|Any CPU.ActiveCfg = Release|Any CPU
		{0E27976E-F817-4D17-AC14-FC89BDA18AE5}.Release|Any CPU.Build.0 = Release|Any CPU
		{C8D95531-39AE-47D9-8730-A37E432CC118}.Debug|Any CPU.ActiveCfg = Debug|Any CPU
		{C8D95531-39AE-47D9-8730-A37E432CC118}.Debug|Any CPU.Build.0 = Debug|Any CPU
		{C8D95531-39AE-47D9-8730-A37E432CC118}.Release|Any CPU.ActiveCfg = Release|Any CPU
		{C8D95531-39AE-47D9-8730-A37E432CC118}.Release|Any CPU.Build.0 = Release|Any CPU
	EndGlobalSection
	GlobalSection(SolutionProperties) = preSolution
		HideSolutionNode = FALSE
	EndGlobalSection
	GlobalSection(ExtensibilityGlobals) = postSolution
		SolutionGuid = {F7F8A07A-5DE1-4293-9764-8298B09A8043}
	EndGlobalSection
EndGlobal
